
Microsoft Visual Studio Solution File, Format Version 12.00
# Visual Studio Version 17
VisualStudioVersion = 17.13.35931.197
MinimumVisualStudioVersion = 10.0.40219.1
Project("{2150E333-8FDC-42A3-9474-1A3956D46DE8}") = "Bootstrapper", "Bootstrapper", "{02EA681E-C7D8-13C7-8484-4AC65E1B71E8}"
EndProject
Project("{2150E333-8FDC-42A3-9474-1A3956D46DE8}") = "Modules", "Modules", "{9DDD242A-B11B-4A57-9FC0-AEE560F3C4D8}"
EndProject
Project("{2150E333-8FDC-42A3-9474-1A3956D46DE8}") = "Shared", "Shared", "{A641FFB7-3F4A-44D6-81D9-E67DE3E6BA40}"
EndProject
Project("{FAE04EC0-301F-11D3-BF4B-00C04F79EFBC}") = "Api", "Bootstrapper\Api\Api.csproj", "{6CCB2B57-11A3-4567-909D-C6E7A01DD291}"
EndProject
Project("{2150E333-8FDC-42A3-9474-1A3956D46DE8}") = "Catalog", "Catalog", "{F7FCDFD4-1ACD-4171-9BCE-C5D23F183E53}"
EndProject
Project("{2150E333-8FDC-42A3-9474-1A3956D46DE8}") = "Basket", "Basket", "{D5D46367-567A-4671-9C44-40C9FAAF8D2C}"
EndProject
Project("{2150E333-8FDC-42A3-9474-1A3956D46DE8}") = "Ordering", "Ordering", "{BFF79BDE-4699-4172-9CA9-AB686E2B2856}"
EndProject
Project("{FAE04EC0-301F-11D3-BF4B-00C04F79EFBC}") = "Catalog", "Modules\Catalog\Catalog\Catalog.csproj", "{1804654E-EB55-4456-B38B-7D5F50F89D6B}"
EndProject
Project("{FAE04EC0-301F-11D3-BF4B-00C04F79EFBC}") = "Basket", "Modules\Basket\Basket\Basket.csproj", "{6A53D3AF-8D3B-4367-AF3A-F556ECA8DEAD}"
EndProject
Project("{FAE04EC0-301F-11D3-BF4B-00C04F79EFBC}") = "Ordering", "Modules\Ordering\Ordering\Ordering.csproj", "{3200AB98-BB3C-47F8-BC4A-C41283338760}"
EndProject
Project("{FAE04EC0-301F-11D3-BF4B-00C04F79EFBC}") = "Shared", "Shared\Shared\Shared.csproj", "{B7454E8B-2437-4B65-AB62-1C9D9B66F994}"
EndProject
Project("{E53339B2-1760-4266-BCC7-CA923CBCF16C}") = "docker-compose", "docker-compose.dcproj", "{81DDED9D-158B-E303-5F62-77A2896D2A5A}"
EndProject
Project("{FAE04EC0-301F-11D3-BF4B-00C04F79EFBC}") = "Catalog.Contracts", "Modules\Catalog\Catalog.Contracts\Catalog.Contracts.csproj", "{B810110A-1ABD-4E67-9C16-E6D423A1D7E0}"
EndProject
Project("{FAE04EC0-301F-11D3-BF4B-00C04F79EFBC}") = "Shared.Contracts", "Shared\Shared.Contracts\Shared.Contracts.csproj", "{3E49BF17-0785-41A4-B978-80E8ADA09246}"
EndProject
Project("{FAE04EC0-301F-11D3-BF4B-00C04F79EFBC}") = "Shared.Messaging", "Shared\Shared.Messaging\Shared.Messaging.csproj", "{598C1C2F-9F2D-4C22-8963-79CED85E8305}"
EndProject
Project("{2150E333-8FDC-42A3-9474-1A3956D46DE8}") = "Solution Items", "Solution Items", "{8EC462FD-D22E-90A8-E5CE-7E832BA40C5D}"
	ProjectSection(SolutionItems) = preProject
		readme.md = readme.md
	EndProjectSection
EndProject
Global
	GlobalSection(SolutionConfigurationPlatforms) = preSolution
		Debug|Any CPU = Debug|Any CPU
		Release|Any CPU = Release|Any CPU
	EndGlobalSection
	GlobalSection(ProjectConfigurationPlatforms) = postSolution
		{6CCB2B57-11A3-4567-909D-C6E7A01DD291}.Debug|Any CPU.ActiveCfg = Debug|Any CPU
		{6CCB2B57-11A3-4567-909D-C6E7A01DD291}.Debug|Any CPU.Build.0 = Debug|Any CPU
		{6CCB2B57-11A3-4567-909D-C6E7A01DD291}.Release|Any CPU.ActiveCfg = Release|Any CPU
		{6CCB2B57-11A3-4567-909D-C6E7A01DD291}.Release|Any CPU.Build.0 = Release|Any CPU
		{1804654E-EB55-4456-B38B-7D5F50F89D6B}.Debug|Any CPU.ActiveCfg = Debug|Any CPU
		{1804654E-EB55-4456-B38B-7D5F50F89D6B}.Debug|Any CPU.Build.0 = Debug|Any CPU
		{1804654E-EB55-4456-B38B-7D5F50F89D6B}.Release|Any CPU.ActiveCfg = Release|Any CPU
		{1804654E-EB55-4456-B38B-7D5F50F89D6B}.Release|Any CPU.Build.0 = Release|Any CPU
		{6A53D3AF-8D3B-4367-AF3A-F556ECA8DEAD}.Debug|Any CPU.ActiveCfg = Debug|Any CPU
		{6A53D3AF-8D3B-4367-AF3A-F556ECA8DEAD}.Debug|Any CPU.Build.0 = Debug|Any CPU
		{6A53D3AF-8D3B-4367-AF3A-F556ECA8DEAD}.Release|Any CPU.ActiveCfg = Release|Any CPU
		{6A53D3AF-8D3B-4367-AF3A-F556ECA8DEAD}.Release|Any CPU.Build.0 = Release|Any CPU
		{3200AB98-BB3C-47F8-BC4A-C41283338760}.Debug|Any CPU.ActiveCfg = Debug|Any CPU
		{3200AB98-BB3C-47F8-BC4A-C41283338760}.Debug|Any CPU.Build.0 = Debug|Any CPU
		{3200AB98-BB3C-47F8-BC4A-C41283338760}.Release|Any CPU.ActiveCfg = Release|Any CPU
		{3200AB98-BB3C-47F8-BC4A-C41283338760}.Release|Any CPU.Build.0 = Release|Any CPU
		{B7454E8B-2437-4B65-AB62-1C9D9B66F994}.Debug|Any CPU.ActiveCfg = Debug|Any CPU
		{B7454E8B-2437-4B65-AB62-1C9D9B66F994}.Debug|Any CPU.Build.0 = Debug|Any CPU
		{B7454E8B-2437-4B65-AB62-1C9D9B66F994}.Release|Any CPU.ActiveCfg = Release|Any CPU
		{B7454E8B-2437-4B65-AB62-1C9D9B66F994}.Release|Any CPU.Build.0 = Release|Any CPU
		{81DDED9D-158B-E303-5F62-77A2896D2A5A}.Debug|Any CPU.ActiveCfg = Debug|Any CPU
		{81DDED9D-158B-E303-5F62-77A2896D2A5A}.Debug|Any CPU.Build.0 = Debug|Any CPU
		{81DDED9D-158B-E303-5F62-77A2896D2A5A}.Release|Any CPU.ActiveCfg = Release|Any CPU
		{81DDED9D-158B-E303-5F62-77A2896D2A5A}.Release|Any CPU.Build.0 = Release|Any CPU
		{B810110A-1ABD-4E67-9C16-E6D423A1D7E0}.Debug|Any CPU.ActiveCfg = Debug|Any CPU
		{B810110A-1ABD-4E67-9C16-E6D423A1D7E0}.Debug|Any CPU.Build.0 = Debug|Any CPU
		{B810110A-1ABD-4E67-9C16-E6D423A1D7E0}.Release|Any CPU.ActiveCfg = Release|Any CPU
		{B810110A-1ABD-4E67-9C16-E6D423A1D7E0}.Release|Any CPU.Build.0 = Release|Any CPU
		{3E49BF17-0785-41A4-B978-80E8ADA09246}.Debug|Any CPU.ActiveCfg = Debug|Any CPU
		{3E49BF17-0785-41A4-B978-80E8ADA09246}.Debug|Any CPU.Build.0 = Debug|Any CPU
		{3E49BF17-0785-41A4-B978-80E8ADA09246}.Release|Any CPU.ActiveCfg = Release|Any CPU
		{3E49BF17-0785-41A4-B978-80E8ADA09246}.Release|Any CPU.Build.0 = Release|Any CPU
		{598C1C2F-9F2D-4C22-8963-79CED85E8305}.Debug|Any CPU.ActiveCfg = Debug|Any CPU
		{598C1C2F-9F2D-4C22-8963-79CED85E8305}.Debug|Any CPU.Build.0 = Debug|Any CPU
		{598C1C2F-9F2D-4C22-8963-79CED85E8305}.Release|Any CPU.ActiveCfg = Release|Any CPU
		{598C1C2F-9F2D-4C22-8963-79CED85E8305}.Release|Any CPU.Build.0 = Release|Any CPU
	EndGlobalSection
	GlobalSection(SolutionProperties) = preSolution
		HideSolutionNode = FALSE
	EndGlobalSection
	GlobalSection(NestedProjects) = preSolution
		{6CCB2B57-11A3-4567-909D-C6E7A01DD291} = {02EA681E-C7D8-13C7-8484-4AC65E1B71E8}
		{F7FCDFD4-1ACD-4171-9BCE-C5D23F183E53} = {9DDD242A-B11B-4A57-9FC0-AEE560F3C4D8}
		{D5D46367-567A-4671-9C44-40C9FAAF8D2C} = {9DDD242A-B11B-4A57-9FC0-AEE560F3C4D8}
		{BFF79BDE-4699-4172-9CA9-AB686E2B2856} = {9DDD242A-B11B-4A57-9FC0-AEE560F3C4D8}
		{1804654E-EB55-4456-B38B-7D5F50F89D6B} = {F7FCDFD4-1ACD-4171-9BCE-C5D23F183E53}
		{6A53D3AF-8D3B-4367-AF3A-F556ECA8DEAD} = {D5D46367-567A-4671-9C44-40C9FAAF8D2C}
		{3200AB98-BB3C-47F8-BC4A-C41283338760} = {BFF79BDE-4699-4172-9CA9-AB686E2B2856}
		{B7454E8B-2437-4B65-AB62-1C9D9B66F994} = {A641FFB7-3F4A-44D6-81D9-E67DE3E6BA40}
		{B810110A-1ABD-4E67-9C16-E6D423A1D7E0} = {F7FCDFD4-1ACD-4171-9BCE-C5D23F183E53}
		{3E49BF17-0785-41A4-B978-80E8ADA09246} = {A641FFB7-3F4A-44D6-81D9-E67DE3E6BA40}
		{598C1C2F-9F2D-4C22-8963-79CED85E8305} = {A641FFB7-3F4A-44D6-81D9-E67DE3E6BA40}
	EndGlobalSection
	GlobalSection(ExtensibilityGlobals) = postSolution
		SolutionGuid = {08145DB1-99A2-4B28-8C4D-5BA80EE41C3F}
	EndGlobalSection
EndGlobal
